{
  "version": 4,
  "terraform_version": "0.12.26",
  "serial": 13,
  "lineage": "a75c22c3-1fd9-d53b-de62-e5af5018d590",
  "outputs": {},
  "resources": [
    {
      "mode": "managed",
      "type": "aws_ebs_volume",
      "name": "ebsWebVol",
      "provider": "provider.aws",
      "instances": [
        {
          "schema_version": 0,
          "attributes": {
            "arn": "arn:aws:ec2:ap-south-1:317303831192:volume/vol-00e27d1b646656904",
            "availability_zone": "ap-south-1a",
            "encrypted": false,
            "id": "vol-00e27d1b646656904",
            "iops": 100,
            "kms_key_id": "",
            "multi_attach_enabled": false,
            "outpost_arn": "",
            "size": 1,
            "snapshot_id": "",
            "tags": {
              "Name": "web-vol1"
            },
            "type": "gp2"
          },
          "private": "bnVsbA==",
          "dependencies": [
            "aws_instance.web",
            "aws_key_pair.newKey",
            "aws_security_group.webServerFirewall",
            "tls_private_key.keyGenerate"
          ]
        }
      ]
    },
    {
      "mode": "managed",
      "type": "aws_instance",
      "name": "web",
      "provider": "provider.aws",
      "instances": [
        {
          "schema_version": 1,
          "attributes": {
            "ami": "ami-052c08d70def0ac62",
            "arn": "arn:aws:ec2:ap-south-1:317303831192:instance/i-04e4e321f1c8adf3c",
            "associate_public_ip_address": true,
            "availability_zone": "ap-south-1a",
            "cpu_core_count": 1,
            "cpu_threads_per_core": 1,
            "credit_specification": [
              {
                "cpu_credits": "standard"
              }
            ],
            "disable_api_termination": false,
            "ebs_block_device": [
              {
                "delete_on_termination": false,
                "device_name": "/dev/sdh",
                "encrypted": false,
                "iops": 100,
                "kms_key_id": "",
                "snapshot_id": "",
                "volume_id": "vol-00e27d1b646656904",
                "volume_size": 1,
                "volume_type": "gp2"
              }
            ],
            "ebs_optimized": false,
            "ephemeral_block_device": [],
            "get_password_data": false,
            "hibernation": false,
            "host_id": null,
            "iam_instance_profile": "",
            "id": "i-04e4e321f1c8adf3c",
            "instance_initiated_shutdown_behavior": null,
            "instance_state": "running",
            "instance_type": "t2.micro",
            "ipv6_address_count": 0,
            "ipv6_addresses": [],
            "key_name": "mykey2",
            "metadata_options": [
              {
                "http_endpoint": "enabled",
                "http_put_response_hop_limit": 1,
                "http_tokens": "optional"
              }
            ],
            "monitoring": false,
            "network_interface": [],
            "network_interface_id": null,
            "outpost_arn": "",
            "password_data": "",
            "placement_group": "",
            "primary_network_interface_id": "eni-0b21a081c0fff4b05",
            "private_dns": "ip-172-31-44-165.ap-south-1.compute.internal",
            "private_ip": "172.31.44.165",
            "public_dns": "ec2-52-66-214-143.ap-south-1.compute.amazonaws.com",
            "public_ip": "52.66.214.143",
            "root_block_device": [
              {
                "delete_on_termination": true,
                "device_name": "/dev/sda1",
                "encrypted": false,
                "iops": 100,
                "kms_key_id": "",
                "volume_id": "vol-0516825007b7bbc9e",
                "volume_size": 10,
                "volume_type": "gp2"
              }
            ],
            "security_groups": [
              "webFirewall"
            ],
            "source_dest_check": true,
            "subnet_id": "subnet-1254517a",
            "tags": {
              "Name": "web-os"
            },
            "tenancy": "default",
            "timeouts": null,
            "user_data": null,
            "user_data_base64": null,
            "volume_tags": {
              "Name": "web-vol1"
            },
            "vpc_security_group_ids": [
              "sg-03ecc540e9193cc01"
            ]
          },
          "private": "eyJlMmJmYjczMC1lY2FhLTExZTYtOGY4OC0zNDM2M2JjN2M0YzAiOnsiY3JlYXRlIjo2MDAwMDAwMDAwMDAsImRlbGV0ZSI6MTIwMDAwMDAwMDAwMCwidXBkYXRlIjo2MDAwMDAwMDAwMDB9LCJzY2hlbWFfdmVyc2lvbiI6IjEifQ==",
          "dependencies": [
            "aws_key_pair.newKey",
            "aws_security_group.webServerFirewall",
            "tls_private_key.keyGenerate"
          ]
        }
      ]
    },
    {
      "mode": "managed",
      "type": "aws_key_pair",
      "name": "newKey",
      "provider": "provider.aws",
      "instances": [
        {
          "schema_version": 1,
          "attributes": {
            "fingerprint": "30:61:b1:d9:cb:65:55:2e:e0:c8:06:a8:7b:3a:5c:e5",
            "id": "mykey2",
            "key_name": "mykey2",
            "key_name_prefix": null,
            "key_pair_id": "key-0e0252c959641caa0",
            "public_key": "ssh-rsa AAAAB3NzaC1yc2EAAAADAQABAAABAQDiDf1bqxsbZZ3OoiZMSbe0P03T6qvA3VNbkCduT5vLi81YmCPaC2uChpM6bi6Zam3UrQSvEwY/vdjjCsBAGbWQ7Vtd+j6wYkxmShaGglXbvd3sr7s3fvfNBgEmRperZSZ/EtK1DPnGH4GkPwJiM23fTecbh9HEzML060V2AKwAcnDKk7zvHdCi8eF3wDaibUZy2azaoje1c4FV6W5xXGm2vI3crLvDYjkgOtmq6PSO7MjI9kZKZykBv3G8v5zqmTC4kHLI78oXFcqSeVT2dp57pFa9GXqUTKhChvAA3rnOKhAFoReduLMpgX9twJsGhmYf5TVcQFWApLYoOU9EAjnV",
            "tags": {}
          },
          "private": "eyJzY2hlbWFfdmVyc2lvbiI6IjEifQ==",
          "dependencies": [
            "tls_private_key.keyGenerate"
          ]
        }
      ]
    },
    {
      "mode": "managed",
      "type": "aws_security_group",
      "name": "webServerFirewall",
      "provider": "provider.aws",
      "instances": [
        {
          "schema_version": 1,
          "attributes": {
            "arn": "arn:aws:ec2:ap-south-1:317303831192:security-group/sg-03ecc540e9193cc01",
            "description": "SSH and HTTP access",
            "egress": [
              {
                "cidr_blocks": [
                  "0.0.0.0/0"
                ],
                "description": "",
                "from_port": 0,
                "ipv6_cidr_blocks": [],
                "prefix_list_ids": [],
                "protocol": "-1",
                "security_groups": [],
                "self": false,
                "to_port": 0
              }
            ],
            "id": "sg-03ecc540e9193cc01",
            "ingress": [
              {
                "cidr_blocks": [
                  "0.0.0.0/0"
                ],
                "description": "",
                "from_port": 22,
                "ipv6_cidr_blocks": [],
                "prefix_list_ids": [],
                "protocol": "tcp",
                "security_groups": [],
                "self": false,
                "to_port": 22
              },
              {
                "cidr_blocks": [
                  "0.0.0.0/0"
                ],
                "description": "",
                "from_port": 80,
                "ipv6_cidr_blocks": [],
                "prefix_list_ids": [],
                "protocol": "tcp",
                "security_groups": [],
                "self": false,
                "to_port": 80
              }
            ],
            "name": "webFirewall",
            "name_prefix": null,
            "owner_id": "317303831192",
            "revoke_rules_on_delete": false,
            "tags": {
              "Name": "webFirewall"
            },
            "timeouts": null,
            "vpc_id": "vpc-91617df9"
          },
          "private": "eyJlMmJmYjczMC1lY2FhLTExZTYtOGY4OC0zNDM2M2JjN2M0YzAiOnsiY3JlYXRlIjo2MDAwMDAwMDAwMDAsImRlbGV0ZSI6NjAwMDAwMDAwMDAwfSwic2NoZW1hX3ZlcnNpb24iOiIxIn0="
        }
      ]
    },
    {
      "mode": "managed",
      "type": "aws_volume_attachment",
      "name": "ebsAttach",
      "provider": "provider.aws",
      "instances": [
        {
          "schema_version": 0,
          "attributes": {
            "device_name": "/dev/sdh",
            "force_detach": true,
            "id": "vai-1384176226",
            "instance_id": "i-04e4e321f1c8adf3c",
            "skip_destroy": null,
            "volume_id": "vol-00e27d1b646656904"
          },
          "private": "bnVsbA==",
          "dependencies": [
            "aws_ebs_volume.ebsWebVol",
            "aws_instance.web",
            "aws_key_pair.newKey",
            "aws_security_group.webServerFirewall",
            "tls_private_key.keyGenerate"
          ]
        }
      ]
    },
    {
      "mode": "managed",
      "type": "local_file",
      "name": "keySave",
      "provider": "provider.local",
      "instances": [
        {
          "schema_version": 0,
          "attributes": {
            "content": "-----BEGIN RSA PRIVATE KEY-----\nMIIEogIBAAKCAQEA4g39W6sbG2WdzqImTEm3tD9N0+qrwN1TW5Anbk+by4vNWJgj\n2gtrgoaTOm4umWpt1K0ErxMGP73Y4wrAQBm1kO1bXfo+sGJMZkoWhoJV273d7K+7\nN373zQYBJkaXq2UmfxLStQz5xh+BpD8CYjNt303nG4fRxMzC9OtFdgCsAHJwypO8\n7x3QovHhd8A2om1Gctms2qI3tXOBVelucVxptryN3Ky7w2I5IDrZquj0juzIyPZG\nSmcpAb9xvL+c6pkwuJByyO/KFxXKknlU9naee6RWvRl6lEyoQobwAN65zioQBaEX\nnbizKYF/bcCbBoZmH+U1XEBVgKS2KDlPRAI51QIDAQABAoH/OWVT7vKC73Hdn5mM\nH9KX0ixAlo3/DfkkMRto55lO9V+Jw/TdJX/AzGNe/nb7Xfin6lgD2G/8JjMN3pfc\nOGpOr32UtUfUovRScaZeEckGA8Uxk+cKogya3nOn1xAVcm88VwdweIfS43scb5eQ\nA18LhqdBBrx1hoJ2/bi+6jdBdNsflJi5VvTt/xEQ1fYKyYltlQaSp1KTgIvgeBei\n81vzkdbTmKyXO4b6OA3uBnNJcRJXu1PUgB85lIRtHwpkc+S52Sc5EHNE+OgE86Co\n7BhiH/S+1FUGV0zBT1Ac02x54Y9kKybw9twry1zWZ8n6YkzS/KYxFTtFLh53kDKU\n5UuhAoGBAOpbVKS69QgNw45CxVx4Su3IqD77cfq9UK724BDE42YGIdCtcl8yEK5R\nmbSJwNH+AC+Hywo/inD2IRsMzOMHtUAekA59Hvrd6yz4ULcKZZSWkXjwieQifx4n\n/0HIs7lqA7U2rWSKtd7cZl1eTzkdMUvJlSLnoJR8UK+DE40YmN3dAoGBAPbuYVd4\nXtx1sAyy56QEaGQC/Z5lggp1rx0kFMPnkQfokU0xMb9lh9qTbVv0VireSAhOSIeN\nBS9fV2vNnf7V8v1vJ38CRaYsqK3qUYgQeix5ZhXIUSWEN3/TXqHbeJTaKThuSenB\nFf0L/RM4TG0Lrt4hP51bU4hBz4H9HU+WO/hZAoGBAK5rmuufWY7M76aJe2n+/YVL\nuixl58a977bIdqsEXlooZjJxZJYFJPUYNlVv0Np5OJonbq4J7Hd2N91yAWtW6Ub3\neC/QX6ZGVCn8Bda1HjUgetSP8ZChPAqtqgTD4z8z796G+zXBJurfDjCfaEcRuwa0\n2RJJYfIhM8vsujhg/iThAoGBAI+J4mvGPN5KSxwWozBkn4oDcwowV3ddEX4PC0MV\nyOif+Fa20gRAMMiOCnP5hF1G+PhbCS5Ce1EeSuMPk1gfZjCL/JmH6JTAQQ1XuC0v\n5tUTfJQM7Z6xTNGxPME5os5kQrHa6nxHEVEXNvWFNGfu8qeNDD2caOI73zPgvrkU\ny6eBAoGAGz7wrY8J3Vw3eRFTYvcd+SNHXbJXsi67TLfgzxyNWwEC6cbEKkhXhHoN\n4PnQIKQMfujqNqt5t8gwhcJgSMxfAP6gYYc03QQkVI/Ci/oa/UPtODsHNkIlqjh0\nqY1qeaCYsOm8Xz/lmvAV014HBVpOfT8cHBl7BE6+vBlDvqfJHAo=\n-----END RSA PRIVATE KEY-----\n",
            "content_base64": null,
            "directory_permission": "0777",
            "file_permission": "0777",
            "filename": "mykey2.pem",
            "id": "0eea5f47c9c31f02e2ad5a79c7ad8de8206459c2",
            "sensitive_content": null
          },
          "private": "bnVsbA==",
          "dependencies": [
            "tls_private_key.keyGenerate"
          ]
        }
      ]
    },
    {
      "mode": "managed",
      "type": "null_resource",
      "name": "mountEbs",
      "provider": "provider.null",
      "instances": [
        {
          "schema_version": 0,
          "attributes": {
            "id": "1127319246759447001",
            "triggers": null
          },
          "private": "bnVsbA==",
          "dependencies": [
            "aws_instance.web",
            "aws_volume_attachment.ebsAttach",
            "tls_private_key.keyGenerate"
          ]
        }
      ]
    },
    {
      "mode": "managed",
      "type": "tls_private_key",
      "name": "keyGenerate",
      "provider": "provider.tls",
      "instances": [
        {
          "schema_version": 0,
          "attributes": {
            "algorithm": "RSA",
            "ecdsa_curve": "P224",
            "id": "d09738ad0d68f045aadfe9bafbc60aeb4835e954",
            "private_key_pem": "-----BEGIN RSA PRIVATE KEY-----\nMIIEogIBAAKCAQEA4g39W6sbG2WdzqImTEm3tD9N0+qrwN1TW5Anbk+by4vNWJgj\n2gtrgoaTOm4umWpt1K0ErxMGP73Y4wrAQBm1kO1bXfo+sGJMZkoWhoJV273d7K+7\nN373zQYBJkaXq2UmfxLStQz5xh+BpD8CYjNt303nG4fRxMzC9OtFdgCsAHJwypO8\n7x3QovHhd8A2om1Gctms2qI3tXOBVelucVxptryN3Ky7w2I5IDrZquj0juzIyPZG\nSmcpAb9xvL+c6pkwuJByyO/KFxXKknlU9naee6RWvRl6lEyoQobwAN65zioQBaEX\nnbizKYF/bcCbBoZmH+U1XEBVgKS2KDlPRAI51QIDAQABAoH/OWVT7vKC73Hdn5mM\nH9KX0ixAlo3/DfkkMRto55lO9V+Jw/TdJX/AzGNe/nb7Xfin6lgD2G/8JjMN3pfc\nOGpOr32UtUfUovRScaZeEckGA8Uxk+cKogya3nOn1xAVcm88VwdweIfS43scb5eQ\nA18LhqdBBrx1hoJ2/bi+6jdBdNsflJi5VvTt/xEQ1fYKyYltlQaSp1KTgIvgeBei\n81vzkdbTmKyXO4b6OA3uBnNJcRJXu1PUgB85lIRtHwpkc+S52Sc5EHNE+OgE86Co\n7BhiH/S+1FUGV0zBT1Ac02x54Y9kKybw9twry1zWZ8n6YkzS/KYxFTtFLh53kDKU\n5UuhAoGBAOpbVKS69QgNw45CxVx4Su3IqD77cfq9UK724BDE42YGIdCtcl8yEK5R\nmbSJwNH+AC+Hywo/inD2IRsMzOMHtUAekA59Hvrd6yz4ULcKZZSWkXjwieQifx4n\n/0HIs7lqA7U2rWSKtd7cZl1eTzkdMUvJlSLnoJR8UK+DE40YmN3dAoGBAPbuYVd4\nXtx1sAyy56QEaGQC/Z5lggp1rx0kFMPnkQfokU0xMb9lh9qTbVv0VireSAhOSIeN\nBS9fV2vNnf7V8v1vJ38CRaYsqK3qUYgQeix5ZhXIUSWEN3/TXqHbeJTaKThuSenB\nFf0L/RM4TG0Lrt4hP51bU4hBz4H9HU+WO/hZAoGBAK5rmuufWY7M76aJe2n+/YVL\nuixl58a977bIdqsEXlooZjJxZJYFJPUYNlVv0Np5OJonbq4J7Hd2N91yAWtW6Ub3\neC/QX6ZGVCn8Bda1HjUgetSP8ZChPAqtqgTD4z8z796G+zXBJurfDjCfaEcRuwa0\n2RJJYfIhM8vsujhg/iThAoGBAI+J4mvGPN5KSxwWozBkn4oDcwowV3ddEX4PC0MV\nyOif+Fa20gRAMMiOCnP5hF1G+PhbCS5Ce1EeSuMPk1gfZjCL/JmH6JTAQQ1XuC0v\n5tUTfJQM7Z6xTNGxPME5os5kQrHa6nxHEVEXNvWFNGfu8qeNDD2caOI73zPgvrkU\ny6eBAoGAGz7wrY8J3Vw3eRFTYvcd+SNHXbJXsi67TLfgzxyNWwEC6cbEKkhXhHoN\n4PnQIKQMfujqNqt5t8gwhcJgSMxfAP6gYYc03QQkVI/Ci/oa/UPtODsHNkIlqjh0\nqY1qeaCYsOm8Xz/lmvAV014HBVpOfT8cHBl7BE6+vBlDvqfJHAo=\n-----END RSA PRIVATE KEY-----\n",
            "public_key_fingerprint_md5": "04:bf:26:e8:38:54:3f:ee:4a:e4:26:8e:5b:d6:ad:30",
            "public_key_openssh": "ssh-rsa AAAAB3NzaC1yc2EAAAADAQABAAABAQDiDf1bqxsbZZ3OoiZMSbe0P03T6qvA3VNbkCduT5vLi81YmCPaC2uChpM6bi6Zam3UrQSvEwY/vdjjCsBAGbWQ7Vtd+j6wYkxmShaGglXbvd3sr7s3fvfNBgEmRperZSZ/EtK1DPnGH4GkPwJiM23fTecbh9HEzML060V2AKwAcnDKk7zvHdCi8eF3wDaibUZy2azaoje1c4FV6W5xXGm2vI3crLvDYjkgOtmq6PSO7MjI9kZKZykBv3G8v5zqmTC4kHLI78oXFcqSeVT2dp57pFa9GXqUTKhChvAA3rnOKhAFoReduLMpgX9twJsGhmYf5TVcQFWApLYoOU9EAjnV\n",
            "public_key_pem": "-----BEGIN PUBLIC KEY-----\nMIIBIjANBgkqhkiG9w0BAQEFAAOCAQ8AMIIBCgKCAQEA4g39W6sbG2WdzqImTEm3\ntD9N0+qrwN1TW5Anbk+by4vNWJgj2gtrgoaTOm4umWpt1K0ErxMGP73Y4wrAQBm1\nkO1bXfo+sGJMZkoWhoJV273d7K+7N373zQYBJkaXq2UmfxLStQz5xh+BpD8CYjNt\n303nG4fRxMzC9OtFdgCsAHJwypO87x3QovHhd8A2om1Gctms2qI3tXOBVelucVxp\ntryN3Ky7w2I5IDrZquj0juzIyPZGSmcpAb9xvL+c6pkwuJByyO/KFxXKknlU9nae\ne6RWvRl6lEyoQobwAN65zioQBaEXnbizKYF/bcCbBoZmH+U1XEBVgKS2KDlPRAI5\n1QIDAQAB\n-----END PUBLIC KEY-----\n",
            "rsa_bits": 2048
          },
          "private": "bnVsbA=="
        }
      ]
    }
  ]
}
