{
  "version": 4,
  "terraform_version": "0.12.26",
  "serial": 6,
  "lineage": "1f2f5fdf-bb91-8d70-e78c-b5791eaa6d6d",
  "outputs": {},
  "resources": [
    {
      "mode": "managed",
      "type": "aws_instance",
      "name": "web",
      "provider": "provider.aws",
      "instances": [
        {
          "schema_version": 1,
          "attributes": {
            "ami": "ami-052c08d70def0ac62",
            "arn": "arn:aws:ec2:ap-south-1:317303831192:instance/i-00d04fe8dca7fd581",
            "associate_public_ip_address": true,
            "availability_zone": "ap-south-1b",
            "cpu_core_count": 1,
            "cpu_threads_per_core": 1,
            "credit_specification": [
              {
                "cpu_credits": "standard"
              }
            ],
            "disable_api_termination": false,
            "ebs_block_device": [],
            "ebs_optimized": false,
            "ephemeral_block_device": [],
            "get_password_data": false,
            "hibernation": false,
            "host_id": null,
            "iam_instance_profile": "",
            "id": "i-00d04fe8dca7fd581",
            "instance_initiated_shutdown_behavior": null,
            "instance_state": "running",
            "instance_type": "t2.micro",
            "ipv6_address_count": 0,
            "ipv6_addresses": [],
            "key_name": "mykey2",
            "metadata_options": [
              {
                "http_endpoint": "enabled",
                "http_put_response_hop_limit": 1,
                "http_tokens": "optional"
              }
            ],
            "monitoring": false,
            "network_interface": [],
            "network_interface_id": null,
            "outpost_arn": "",
            "password_data": "",
            "placement_group": "",
            "primary_network_interface_id": "eni-0c41896e2fddca519",
            "private_dns": "ip-172-31-5-50.ap-south-1.compute.internal",
            "private_ip": "172.31.5.50",
            "public_dns": "ec2-13-127-212-196.ap-south-1.compute.amazonaws.com",
            "public_ip": "13.127.212.196",
            "root_block_device": [
              {
                "delete_on_termination": true,
                "device_name": "/dev/sda1",
                "encrypted": false,
                "iops": 100,
                "kms_key_id": "",
                "volume_id": "vol-021feca3e4b47b277",
                "volume_size": 10,
                "volume_type": "gp2"
              }
            ],
            "security_groups": [
              "webFirewall"
            ],
            "source_dest_check": true,
            "subnet_id": "subnet-1092f95c",
            "tags": {
              "Name": "web-os"
            },
            "tenancy": "default",
            "timeouts": null,
            "user_data": null,
            "user_data_base64": null,
            "volume_tags": {},
            "vpc_security_group_ids": [
              "sg-0bce4318dcd039c00"
            ]
          },
          "private": "eyJlMmJmYjczMC1lY2FhLTExZTYtOGY4OC0zNDM2M2JjN2M0YzAiOnsiY3JlYXRlIjo2MDAwMDAwMDAwMDAsImRlbGV0ZSI6MTIwMDAwMDAwMDAwMCwidXBkYXRlIjo2MDAwMDAwMDAwMDB9LCJzY2hlbWFfdmVyc2lvbiI6IjEifQ==",
          "dependencies": [
            "aws_key_pair.newKey",
            "aws_security_group.webServerFirewall",
            "tls_private_key.keyGenerate"
          ]
        }
      ]
    },
    {
      "mode": "managed",
      "type": "aws_key_pair",
      "name": "newKey",
      "provider": "provider.aws",
      "instances": [
        {
          "schema_version": 1,
          "attributes": {
            "fingerprint": "b4:c3:69:7c:bd:ee:41:9e:ae:f0:b7:08:42:0d:e8:2e",
            "id": "mykey2",
            "key_name": "mykey2",
            "key_name_prefix": null,
            "key_pair_id": "key-04b05f937b87aeb15",
            "public_key": "ssh-rsa AAAAB3NzaC1yc2EAAAADAQABAAABAQC9GY397N7ha+0RVq70Q3pWacMSbQqqHuQHszIf6IXXp58/7VAiQKu4xaBGseThZojJ8zgMlJXpxUmpzSjVXkQS+7lIlnn4eOEE7xXggrPQcOPlFQwzqC1rDZFmm3TBF+j8bYA9+esb/EL10h0WGz+niO1x2jJYBP5gTKOgfj2vE4i1xDyfxlpCKZGgbfeWkbknu8B0qk2lAjAOcgSsnze8LZ7QQECAcqpnWZ/SpqRXqDLLawoOvq43dQfgbbS97Um/Y+UDAgojQwnvpBWs7YkRSL00/wJyVN0hPJcXoW77cWGVhXAnsspkg/vqxpnhjF7jm04R9CWrBeYiJUFgogTZ",
            "tags": null
          },
          "private": "eyJzY2hlbWFfdmVyc2lvbiI6IjEifQ==",
          "dependencies": [
            "tls_private_key.keyGenerate"
          ]
        }
      ]
    },
    {
      "mode": "managed",
      "type": "aws_security_group",
      "name": "webServerFirewall",
      "provider": "provider.aws",
      "instances": [
        {
          "schema_version": 1,
          "attributes": {
            "arn": "arn:aws:ec2:ap-south-1:317303831192:security-group/sg-0bce4318dcd039c00",
            "description": "SSH and HTTP access",
            "egress": [
              {
                "cidr_blocks": [
                  "0.0.0.0/0"
                ],
                "description": "",
                "from_port": 0,
                "ipv6_cidr_blocks": [],
                "prefix_list_ids": [],
                "protocol": "-1",
                "security_groups": [],
                "self": false,
                "to_port": 0
              }
            ],
            "id": "sg-0bce4318dcd039c00",
            "ingress": [
              {
                "cidr_blocks": [
                  "0.0.0.0/0"
                ],
                "description": "",
                "from_port": 22,
                "ipv6_cidr_blocks": [],
                "prefix_list_ids": [],
                "protocol": "tcp",
                "security_groups": [],
                "self": false,
                "to_port": 22
              },
              {
                "cidr_blocks": [
                  "0.0.0.0/0"
                ],
                "description": "",
                "from_port": 80,
                "ipv6_cidr_blocks": [],
                "prefix_list_ids": [],
                "protocol": "tcp",
                "security_groups": [],
                "self": false,
                "to_port": 80
              }
            ],
            "name": "webFirewall",
            "name_prefix": null,
            "owner_id": "317303831192",
            "revoke_rules_on_delete": false,
            "tags": {
              "Name": "webFirewall"
            },
            "timeouts": null,
            "vpc_id": "vpc-91617df9"
          },
          "private": "eyJlMmJmYjczMC1lY2FhLTExZTYtOGY4OC0zNDM2M2JjN2M0YzAiOnsiY3JlYXRlIjo2MDAwMDAwMDAwMDAsImRlbGV0ZSI6NjAwMDAwMDAwMDAwfSwic2NoZW1hX3ZlcnNpb24iOiIxIn0="
        }
      ]
    },
    {
      "mode": "managed",
      "type": "local_file",
      "name": "keySave",
      "provider": "provider.local",
      "instances": [
        {
          "schema_version": 0,
          "attributes": {
            "content": "-----BEGIN RSA PRIVATE KEY-----\nMIIEoQIBAAKCAQEAvRmN/eze4WvtEVau9EN6VmnDEm0Kqh7kB7MyH+iF16efP+1Q\nIkCruMWgRrHk4WaIyfM4DJSV6cVJqc0o1V5EEvu5SJZ5+HjhBO8V4IKz0HDj5RUM\nM6gtaw2RZpt0wRfo/G2APfnrG/xC9dIdFhs/p4jtcdoyWAT+YEyjoH49rxOItcQ8\nn8ZaQimRoG33lpG5J7vAdKpNpQIwDnIErJ83vC2e0EBAgHKqZ1mf0qakV6gyy2sK\nDr6uN3UH4G20ve1Jv2PlAwIKI0MJ76QVrO2JEUi9NP8CclTdITyXF6Fu+3FhlYVw\nJ7LKZIP76saZ4Yxe45tOEfQlqwXmIiVBYKIE2QIDAQABAoIBAQCRmMd3J5ZEQnD5\n1KBIelwLhMspuMNpUPeJ5jNF1iaXcPxwoCv+84REdAV/6SCtW+EefSI+rXjv0XNy\nRgCWqEoJw79ZYGLxKUE4J03U203Pw9v0WkxWybqOnpfBRRiUQ/CjyzvefDrGBWkZ\nFHpItxo/yHHqI3J3ywCA7QFfZVPhI/pbWMGFJwGjj+z9bKBdgZrhN5jg1Bg2yPH1\naq2Qx4iqXdzl2AB4ZtsyGK1/lWfq2Qvvl5uvsEDjRgdtdQNKu1ZGuYixzBnfGQVg\n1f3vBe30JsLQujp0zsOwfwJa3y3Z1uOhZ4/Pebecj14EQj7HYtUunxi+f3iegXJj\ngR67aJnBAoGBANlHvhZLvesBEVonu5W+rP2oo0x2Od1nj8zH+9HJ6IWHa7oTTlpM\nGzD0hVcdKQXWGI6Bu9rFXB0zmkcozAVf6moOLo90JbrjpEnRg3FQv/EdRPrNVCqg\nMUtIbxj3gQfNN1IPLsMK1GbuLMavYfc5nB67Rd6rJ9Cll/PcN/twEIp1AoGBAN7M\nOuM6mk8YvlrqwdtefSx5qiX7+pHUxKH9ZxCsgTIVt1MNzyU2jp0Ek4zp1SrAdydm\nTNjXPEpV/KtkQ7P0bqBJFZky8rw/dqDQ5Pc2ZIXHtfXKSZoIW0CD3I5e8mT71bPr\nV6oYDStRxv2cJnYqMWjWl0UU+XgJlEFuuAhTmlxVAoGADiFSRVTrpurM3BYVZumd\niml7JS/TF4jymxiuUbhVvMlPwiwbPlgQtKBSQ5YL4utHcY0SUGnhUazXbaVDj13r\nerYtZPrisUK4nmxXpfjgYqfKopzTymncis7NGsyNwZog7N875UdBBOicVNd3AYLn\nmkAHjTGIR1NdjGhX46woBzkCgYAuzGtaK4caMjJZ2pHZyGE2pF+vFtytISokdJvf\njrycjp8xXOc0A9+0768mnD9geYkNx5lAuwU5ABLQ1YC7Hg7WsENPKLp//Dyozvgp\nTU2UJDz+Yf1P042HYatEZIE54QQkhLynR+IMRWMtBk216Gr0gI7Jvfwg0LJJhD43\n0YfM+QJ/GvwLCk4kM9oE9H0VCbnEXFdnKE05hqzSxtf0kGSD9oM33HynZXgOgC2O\nZx/j6yakHLYjvNUuoB51dE3PtSwAOIDvydjuf77Mr9VdULUMWGZwi34bXA2B/8Uo\nya+5tbzW400yZfze04lvYI+AfPHpp2a3pqh32c1gya1YNdpGKw==\n-----END RSA PRIVATE KEY-----\n",
            "content_base64": null,
            "directory_permission": "0777",
            "file_permission": "0777",
            "filename": "mykey2.pem",
            "id": "dcf76a5bc7fbfd05ae21f6996633d29c98c6f4c6",
            "sensitive_content": null
          },
          "private": "bnVsbA==",
          "dependencies": [
            "tls_private_key.keyGenerate"
          ]
        }
      ]
    },
    {
      "mode": "managed",
      "type": "tls_private_key",
      "name": "keyGenerate",
      "provider": "provider.tls",
      "instances": [
        {
          "schema_version": 0,
          "attributes": {
            "algorithm": "RSA",
            "ecdsa_curve": "P224",
            "id": "7abdd698df9e182049716c9b2250553b4e8b730d",
            "private_key_pem": "-----BEGIN RSA PRIVATE KEY-----\nMIIEoQIBAAKCAQEAvRmN/eze4WvtEVau9EN6VmnDEm0Kqh7kB7MyH+iF16efP+1Q\nIkCruMWgRrHk4WaIyfM4DJSV6cVJqc0o1V5EEvu5SJZ5+HjhBO8V4IKz0HDj5RUM\nM6gtaw2RZpt0wRfo/G2APfnrG/xC9dIdFhs/p4jtcdoyWAT+YEyjoH49rxOItcQ8\nn8ZaQimRoG33lpG5J7vAdKpNpQIwDnIErJ83vC2e0EBAgHKqZ1mf0qakV6gyy2sK\nDr6uN3UH4G20ve1Jv2PlAwIKI0MJ76QVrO2JEUi9NP8CclTdITyXF6Fu+3FhlYVw\nJ7LKZIP76saZ4Yxe45tOEfQlqwXmIiVBYKIE2QIDAQABAoIBAQCRmMd3J5ZEQnD5\n1KBIelwLhMspuMNpUPeJ5jNF1iaXcPxwoCv+84REdAV/6SCtW+EefSI+rXjv0XNy\nRgCWqEoJw79ZYGLxKUE4J03U203Pw9v0WkxWybqOnpfBRRiUQ/CjyzvefDrGBWkZ\nFHpItxo/yHHqI3J3ywCA7QFfZVPhI/pbWMGFJwGjj+z9bKBdgZrhN5jg1Bg2yPH1\naq2Qx4iqXdzl2AB4ZtsyGK1/lWfq2Qvvl5uvsEDjRgdtdQNKu1ZGuYixzBnfGQVg\n1f3vBe30JsLQujp0zsOwfwJa3y3Z1uOhZ4/Pebecj14EQj7HYtUunxi+f3iegXJj\ngR67aJnBAoGBANlHvhZLvesBEVonu5W+rP2oo0x2Od1nj8zH+9HJ6IWHa7oTTlpM\nGzD0hVcdKQXWGI6Bu9rFXB0zmkcozAVf6moOLo90JbrjpEnRg3FQv/EdRPrNVCqg\nMUtIbxj3gQfNN1IPLsMK1GbuLMavYfc5nB67Rd6rJ9Cll/PcN/twEIp1AoGBAN7M\nOuM6mk8YvlrqwdtefSx5qiX7+pHUxKH9ZxCsgTIVt1MNzyU2jp0Ek4zp1SrAdydm\nTNjXPEpV/KtkQ7P0bqBJFZky8rw/dqDQ5Pc2ZIXHtfXKSZoIW0CD3I5e8mT71bPr\nV6oYDStRxv2cJnYqMWjWl0UU+XgJlEFuuAhTmlxVAoGADiFSRVTrpurM3BYVZumd\niml7JS/TF4jymxiuUbhVvMlPwiwbPlgQtKBSQ5YL4utHcY0SUGnhUazXbaVDj13r\nerYtZPrisUK4nmxXpfjgYqfKopzTymncis7NGsyNwZog7N875UdBBOicVNd3AYLn\nmkAHjTGIR1NdjGhX46woBzkCgYAuzGtaK4caMjJZ2pHZyGE2pF+vFtytISokdJvf\njrycjp8xXOc0A9+0768mnD9geYkNx5lAuwU5ABLQ1YC7Hg7WsENPKLp//Dyozvgp\nTU2UJDz+Yf1P042HYatEZIE54QQkhLynR+IMRWMtBk216Gr0gI7Jvfwg0LJJhD43\n0YfM+QJ/GvwLCk4kM9oE9H0VCbnEXFdnKE05hqzSxtf0kGSD9oM33HynZXgOgC2O\nZx/j6yakHLYjvNUuoB51dE3PtSwAOIDvydjuf77Mr9VdULUMWGZwi34bXA2B/8Uo\nya+5tbzW400yZfze04lvYI+AfPHpp2a3pqh32c1gya1YNdpGKw==\n-----END RSA PRIVATE KEY-----\n",
            "public_key_fingerprint_md5": "3d:90:20:5c:b1:32:79:27:36:88:fa:87:54:97:00:96",
            "public_key_openssh": "ssh-rsa AAAAB3NzaC1yc2EAAAADAQABAAABAQC9GY397N7ha+0RVq70Q3pWacMSbQqqHuQHszIf6IXXp58/7VAiQKu4xaBGseThZojJ8zgMlJXpxUmpzSjVXkQS+7lIlnn4eOEE7xXggrPQcOPlFQwzqC1rDZFmm3TBF+j8bYA9+esb/EL10h0WGz+niO1x2jJYBP5gTKOgfj2vE4i1xDyfxlpCKZGgbfeWkbknu8B0qk2lAjAOcgSsnze8LZ7QQECAcqpnWZ/SpqRXqDLLawoOvq43dQfgbbS97Um/Y+UDAgojQwnvpBWs7YkRSL00/wJyVN0hPJcXoW77cWGVhXAnsspkg/vqxpnhjF7jm04R9CWrBeYiJUFgogTZ\n",
            "public_key_pem": "-----BEGIN PUBLIC KEY-----\nMIIBIjANBgkqhkiG9w0BAQEFAAOCAQ8AMIIBCgKCAQEAvRmN/eze4WvtEVau9EN6\nVmnDEm0Kqh7kB7MyH+iF16efP+1QIkCruMWgRrHk4WaIyfM4DJSV6cVJqc0o1V5E\nEvu5SJZ5+HjhBO8V4IKz0HDj5RUMM6gtaw2RZpt0wRfo/G2APfnrG/xC9dIdFhs/\np4jtcdoyWAT+YEyjoH49rxOItcQ8n8ZaQimRoG33lpG5J7vAdKpNpQIwDnIErJ83\nvC2e0EBAgHKqZ1mf0qakV6gyy2sKDr6uN3UH4G20ve1Jv2PlAwIKI0MJ76QVrO2J\nEUi9NP8CclTdITyXF6Fu+3FhlYVwJ7LKZIP76saZ4Yxe45tOEfQlqwXmIiVBYKIE\n2QIDAQAB\n-----END PUBLIC KEY-----\n",
            "rsa_bits": 2048
          },
          "private": "bnVsbA=="
        }
      ]
    }
  ]
}
