{
  "version": 4,
  "terraform_version": "0.12.26",
  "serial": 13,
  "lineage": "65533adb-d350-de38-7ca8-307b7c4eb6c9",
  "outputs": {},
  "resources": [
    {
      "mode": "managed",
      "type": "aws_instance",
      "name": "web",
      "provider": "provider.aws",
      "instances": [
        {
          "schema_version": 1,
          "attributes": {
            "ami": "ami-052c08d70def0ac62",
            "arn": "arn:aws:ec2:ap-south-1:317303831192:instance/i-03bcae7938ab964f5",
            "associate_public_ip_address": true,
            "availability_zone": "ap-south-1b",
            "cpu_core_count": 1,
            "cpu_threads_per_core": 1,
            "credit_specification": [
              {
                "cpu_credits": "standard"
              }
            ],
            "disable_api_termination": false,
            "ebs_block_device": [],
            "ebs_optimized": false,
            "ephemeral_block_device": [],
            "get_password_data": false,
            "hibernation": false,
            "host_id": null,
            "iam_instance_profile": "",
            "id": "i-03bcae7938ab964f5",
            "instance_initiated_shutdown_behavior": null,
            "instance_state": "running",
            "instance_type": "t2.micro",
            "ipv6_address_count": 0,
            "ipv6_addresses": [],
            "key_name": "mykey2",
            "metadata_options": [
              {
                "http_endpoint": "enabled",
                "http_put_response_hop_limit": 1,
                "http_tokens": "optional"
              }
            ],
            "monitoring": false,
            "network_interface": [],
            "network_interface_id": null,
            "outpost_arn": "",
            "password_data": "",
            "placement_group": "",
            "primary_network_interface_id": "eni-0f5c84233180b4ab2",
            "private_dns": "ip-172-31-14-162.ap-south-1.compute.internal",
            "private_ip": "172.31.14.162",
            "public_dns": "ec2-13-232-136-156.ap-south-1.compute.amazonaws.com",
            "public_ip": "13.232.136.156",
            "root_block_device": [
              {
                "delete_on_termination": true,
                "device_name": "/dev/sda1",
                "encrypted": false,
                "iops": 100,
                "kms_key_id": "",
                "volume_id": "vol-003dd68fa4822b083",
                "volume_size": 10,
                "volume_type": "gp2"
              }
            ],
            "security_groups": [
              "default"
            ],
            "source_dest_check": true,
            "subnet_id": "subnet-1092f95c",
            "tags": {
              "Name": "web-os"
            },
            "tenancy": "default",
            "timeouts": null,
            "user_data": null,
            "user_data_base64": null,
            "volume_tags": {},
            "vpc_security_group_ids": [
              "sg-6806520a"
            ]
          },
          "private": "eyJlMmJmYjczMC1lY2FhLTExZTYtOGY4OC0zNDM2M2JjN2M0YzAiOnsiY3JlYXRlIjo2MDAwMDAwMDAwMDAsImRlbGV0ZSI6MTIwMDAwMDAwMDAwMCwidXBkYXRlIjo2MDAwMDAwMDAwMDB9LCJzY2hlbWFfdmVyc2lvbiI6IjEifQ==",
          "dependencies": [
            "aws_key_pair.newKey"
          ]
        }
      ]
    },
    {
      "mode": "managed",
      "type": "aws_key_pair",
      "name": "newKey",
      "provider": "provider.aws",
      "instances": [
        {
          "schema_version": 1,
          "attributes": {
            "fingerprint": "2a:4c:d6:9e:9e:45:8b:18:d5:06:db:c0:0e:b1:f4:60",
            "id": "mykey2",
            "key_name": "mykey2",
            "key_name_prefix": null,
            "key_pair_id": "key-03e7bf48c63b465a5",
            "public_key": "ssh-rsa AAAAB3NzaC1yc2EAAAADAQABAAABAQDAsPDmBpHTHEcRILJAgw3oSYQ94lTl87IMAQAwJM8ae6O7Rqd0PAOmfNjkl7E2T4TovMWjV1V+86cNynFr2d1ZelSQ7FQlPu9alIKWfHJrgUcNp/gE9qIMifNcW2esiIYAg6m1i+InSy4zPkZL5/MnldoILHMiwGhxU8WOgkKjzPqPu2XZRlnYtLt8EQJ4mtXDGjtxEAMlXdA4uO/M89ZbAfPejjcKpYP4rITwRfrl5Ww2i4qKcebg58hcUjOGtSwV4keR90SBBC4VtNJ5fDYbNmnbaq93s7ll5B+ZvJF/7UsJqfIzC0+lpBuEYNNgLD3otsWFfuBH1ng9U0hGj555",
            "tags": {}
          },
          "private": "eyJzY2hlbWFfdmVyc2lvbiI6IjEifQ==",
          "dependencies": [
            "tls_private_key.keyGenerate"
          ]
        }
      ]
    },
    {
      "mode": "managed",
      "type": "local_file",
      "name": "keySave",
      "provider": "provider.local",
      "instances": [
        {
          "schema_version": 0,
          "attributes": {
            "content": "-----BEGIN RSA PRIVATE KEY-----\nMIIEogIBAAKCAQEAwLDw5gaR0xxHESCyQIMN6EmEPeJU5fOyDAEAMCTPGnuju0an\ndDwDpnzY5JexNk+E6LzFo1dVfvOnDcpxa9ndWXpUkOxUJT7vWpSClnxya4FHDaf4\nBPaiDInzXFtnrIiGAIOptYviJ0suMz5GS+fzJ5XaCCxzIsBocVPFjoJCo8z6j7tl\n2UZZ2LS7fBECeJrVwxo7cRADJV3QOLjvzPPWWwHz3o43CqWD+KyE8EX65eVsNouK\ninHm4OfIXFIzhrUsFeJHkfdEgQQuFbTSeXw2GzZp22qvd7O5ZeQfmbyRf+1LCany\nMwtPpaQbhGDTYCw96LbFhX7gR9Z4PVNIRo+eeQIDAQABAoIBABuaPSf2UPVY26VM\ndbxgCaH4xgTHYzn9isfFbO14mGJGy9GL8XjpD+zNfZRhVnVdNsDQKc+YNxsUdB25\nnj3A28BxkaOg9vzO4yKqm3pLIWjc//yozxKG8fex2zajsVo5xFhWg/0JqL/QOTIF\n/bPp6h8FjFIXa/bScSOqyGX9quYjux2xuHvcfbYP6SBiPjxukrQTKu5+LZTkeO0y\n+BZb9qVeNlg3NXcPJe8+VJVHmMe61SSs2tN+ZdJCs/5WKnfa/5UKgvg6Q4JiECsI\nZLZpHW5pDkIxI0Fh4z9/OM8MN9PeEl/G9TlJxb62NEuecj6CLW67TR5RByur5PoY\nai7YAfECgYEA6Js39NKIRFMYUEB+GHELTRmLNup04OivJgMXh2g4cB4mNu49a3pa\nOoIGnh3rpwD0gh7Q9lyJXhnNWFcZgU6MDdb5fWpVaU9nRmy3hkuSDNPn0e0n9km4\n0YO0TD9jjzQoUDmoeV9WjyGZ8SVzg0EaN2EV0XO9Yj8PYljjJ9uYs7cCgYEA1BIM\n0TAONizHhppEvqdVh3/XQLCtyJo2hfNssHTDxVCvydo9cWfPdZLkMD11wjAaxowq\nuNG0y/NDtzfh9ZKnOYN17taqJzOkeHt9W+s4Q3g2y/ruCpcY/lC40OQw5l7OTJGU\nCsNfQ2Sgm4qXa3knu63k6VX6f4rSMYsROTK7H08CgYBXvLSOlBryKqWxH6JwdbNd\nkZUBUc5kR2BJZkEpwhYHtFeVwKdKMwx1pTX5zi9k/uc7bYREaQMni3P5LmFgdNA/\nKCdTNxigcGL0HW3cKgUc8ZEvjdTVAVnFLXiEiiRzj6jlGdqCbYOo2XPHkejQSW4q\nFWS1bIKy3DZhUkXccuhWYQKBgEA0Cr9WHidWnT1p/P//ZwxzrrY+Bw7haTpafQBb\nCV32VJH2yX1I4W0GAKF+KeWVbLXJf7Geg27vggO5HmabdJcb7ptVUAQ4RUXYlRY7\n+zep8GUG3gRExGNSCvHq88b60tgphrlPdsrPbzRH3BnEfzv5pIDj78enPoWTRa6c\nZjxPAoGAYbzACeE2Qx/H4CQF2gc3W0UEicnHGoitBdC5Aa+wurXuLjrVEFFS0NgD\n3R8bsiGRFTquMRHNOb55rnZCr7g1/9U2U5blsQT7JSkmaJr5ZlgTsqX4b+ifyfay\nxXNn8Z/YcIbxtwjnAmCH53UBtf6gMElvGPtJuLBCR6ZSnjoy1Zg=\n-----END RSA PRIVATE KEY-----\n",
            "content_base64": null,
            "directory_permission": "0777",
            "file_permission": "0777",
            "filename": "mykey2.pem",
            "id": "f6fb15fd9eefe70333f333707701dba99fd932ed",
            "sensitive_content": null
          },
          "private": "bnVsbA==",
          "dependencies": [
            "tls_private_key.keyGenerate"
          ]
        }
      ]
    },
    {
      "mode": "managed",
      "type": "tls_private_key",
      "name": "keyGenerate",
      "provider": "provider.tls",
      "instances": [
        {
          "schema_version": 0,
          "attributes": {
            "algorithm": "RSA",
            "ecdsa_curve": "P224",
            "id": "489283a08208c95258912e88a4e1e3d2ee336970",
            "private_key_pem": "-----BEGIN RSA PRIVATE KEY-----\nMIIEogIBAAKCAQEAwLDw5gaR0xxHESCyQIMN6EmEPeJU5fOyDAEAMCTPGnuju0an\ndDwDpnzY5JexNk+E6LzFo1dVfvOnDcpxa9ndWXpUkOxUJT7vWpSClnxya4FHDaf4\nBPaiDInzXFtnrIiGAIOptYviJ0suMz5GS+fzJ5XaCCxzIsBocVPFjoJCo8z6j7tl\n2UZZ2LS7fBECeJrVwxo7cRADJV3QOLjvzPPWWwHz3o43CqWD+KyE8EX65eVsNouK\ninHm4OfIXFIzhrUsFeJHkfdEgQQuFbTSeXw2GzZp22qvd7O5ZeQfmbyRf+1LCany\nMwtPpaQbhGDTYCw96LbFhX7gR9Z4PVNIRo+eeQIDAQABAoIBABuaPSf2UPVY26VM\ndbxgCaH4xgTHYzn9isfFbO14mGJGy9GL8XjpD+zNfZRhVnVdNsDQKc+YNxsUdB25\nnj3A28BxkaOg9vzO4yKqm3pLIWjc//yozxKG8fex2zajsVo5xFhWg/0JqL/QOTIF\n/bPp6h8FjFIXa/bScSOqyGX9quYjux2xuHvcfbYP6SBiPjxukrQTKu5+LZTkeO0y\n+BZb9qVeNlg3NXcPJe8+VJVHmMe61SSs2tN+ZdJCs/5WKnfa/5UKgvg6Q4JiECsI\nZLZpHW5pDkIxI0Fh4z9/OM8MN9PeEl/G9TlJxb62NEuecj6CLW67TR5RByur5PoY\nai7YAfECgYEA6Js39NKIRFMYUEB+GHELTRmLNup04OivJgMXh2g4cB4mNu49a3pa\nOoIGnh3rpwD0gh7Q9lyJXhnNWFcZgU6MDdb5fWpVaU9nRmy3hkuSDNPn0e0n9km4\n0YO0TD9jjzQoUDmoeV9WjyGZ8SVzg0EaN2EV0XO9Yj8PYljjJ9uYs7cCgYEA1BIM\n0TAONizHhppEvqdVh3/XQLCtyJo2hfNssHTDxVCvydo9cWfPdZLkMD11wjAaxowq\nuNG0y/NDtzfh9ZKnOYN17taqJzOkeHt9W+s4Q3g2y/ruCpcY/lC40OQw5l7OTJGU\nCsNfQ2Sgm4qXa3knu63k6VX6f4rSMYsROTK7H08CgYBXvLSOlBryKqWxH6JwdbNd\nkZUBUc5kR2BJZkEpwhYHtFeVwKdKMwx1pTX5zi9k/uc7bYREaQMni3P5LmFgdNA/\nKCdTNxigcGL0HW3cKgUc8ZEvjdTVAVnFLXiEiiRzj6jlGdqCbYOo2XPHkejQSW4q\nFWS1bIKy3DZhUkXccuhWYQKBgEA0Cr9WHidWnT1p/P//ZwxzrrY+Bw7haTpafQBb\nCV32VJH2yX1I4W0GAKF+KeWVbLXJf7Geg27vggO5HmabdJcb7ptVUAQ4RUXYlRY7\n+zep8GUG3gRExGNSCvHq88b60tgphrlPdsrPbzRH3BnEfzv5pIDj78enPoWTRa6c\nZjxPAoGAYbzACeE2Qx/H4CQF2gc3W0UEicnHGoitBdC5Aa+wurXuLjrVEFFS0NgD\n3R8bsiGRFTquMRHNOb55rnZCr7g1/9U2U5blsQT7JSkmaJr5ZlgTsqX4b+ifyfay\nxXNn8Z/YcIbxtwjnAmCH53UBtf6gMElvGPtJuLBCR6ZSnjoy1Zg=\n-----END RSA PRIVATE KEY-----\n",
            "public_key_fingerprint_md5": "77:f1:cf:15:c1:19:a1:6f:fb:03:bf:a9:ba:fe:f0:ce",
            "public_key_openssh": "ssh-rsa AAAAB3NzaC1yc2EAAAADAQABAAABAQDAsPDmBpHTHEcRILJAgw3oSYQ94lTl87IMAQAwJM8ae6O7Rqd0PAOmfNjkl7E2T4TovMWjV1V+86cNynFr2d1ZelSQ7FQlPu9alIKWfHJrgUcNp/gE9qIMifNcW2esiIYAg6m1i+InSy4zPkZL5/MnldoILHMiwGhxU8WOgkKjzPqPu2XZRlnYtLt8EQJ4mtXDGjtxEAMlXdA4uO/M89ZbAfPejjcKpYP4rITwRfrl5Ww2i4qKcebg58hcUjOGtSwV4keR90SBBC4VtNJ5fDYbNmnbaq93s7ll5B+ZvJF/7UsJqfIzC0+lpBuEYNNgLD3otsWFfuBH1ng9U0hGj555\n",
            "public_key_pem": "-----BEGIN PUBLIC KEY-----\nMIIBIjANBgkqhkiG9w0BAQEFAAOCAQ8AMIIBCgKCAQEAwLDw5gaR0xxHESCyQIMN\n6EmEPeJU5fOyDAEAMCTPGnuju0andDwDpnzY5JexNk+E6LzFo1dVfvOnDcpxa9nd\nWXpUkOxUJT7vWpSClnxya4FHDaf4BPaiDInzXFtnrIiGAIOptYviJ0suMz5GS+fz\nJ5XaCCxzIsBocVPFjoJCo8z6j7tl2UZZ2LS7fBECeJrVwxo7cRADJV3QOLjvzPPW\nWwHz3o43CqWD+KyE8EX65eVsNouKinHm4OfIXFIzhrUsFeJHkfdEgQQuFbTSeXw2\nGzZp22qvd7O5ZeQfmbyRf+1LCanyMwtPpaQbhGDTYCw96LbFhX7gR9Z4PVNIRo+e\neQIDAQAB\n-----END PUBLIC KEY-----\n",
            "rsa_bits": 2048
          },
          "private": "bnVsbA=="
        }
      ]
    }
  ]
}
